
Microsoft Visual Studio Solution File, Format Version 12.00
# Visual Studio Version 16
VisualStudioVersion = 16.0.30611.23
MinimumVisualStudioVersion = 10.0.40219.1
Project("{FAE04EC0-301F-11D3-BF4B-00C04F79EFBC}") = "Calcylator", "Calcylator\Calcylator.csproj", "{44F788B5-FC04-40C6-853F-D2D40296A491}"
EndProject
Global
	GlobalSection(SolutionConfigurationPlatforms) = preSolution
		Debug|Any CPU = Debug|Any CPU
		Release|Any CPU = Release|Any CPU
	EndGlobalSection
	GlobalSection(ProjectConfigurationPlatforms) = postSolution
		{44F788B5-FC04-40C6-853F-D2D40296A491}.Debug|Any CPU.ActiveCfg = Debug|Any CPU
		{44F788B5-FC04-40C6-853F-D2D40296A491}.Debug|Any CPU.Build.0 = Debug|Any CPU
		{44F788B5-FC04-40C6-853F-D2D40296A491}.Release|Any CPU.ActiveCfg = Release|Any CPU
		{44F788B5-FC04-40C6-853F-D2D40296A491}.Release|Any CPU.Build.0 = Release|Any CPU
	EndGlobalSection
	GlobalSection(SolutionProperties) = preSolution
		HideSolutionNode = FALSE
	EndGlobalSection
	GlobalSection(ExtensibilityGlobals) = postSolution
		SolutionGuid = {69A62CE0-0742-460A-83E3-027D57EDA50D}
	EndGlobalSection
EndGlobal
